{
  "name": "event-days",
  "version": "0.1.0",
  "lockfileVersion": 2,
  "requires": true,
  "packages": {
    "": {
      "name": "event-days",
      "version": "0.1.0",
      "license": "MIT",
      "dependencies": {
        "calendar": "github:rleddy/calendar.js"
      }
    },
    "node_modules/calendar": {
      "version": "0.1.1",
      "resolved": "git+ssh://git@github.com/rleddy/calendar.js.git#fab65330d73f0e65d9f95c7562f43408d3724793",
      "license": "MIT"
    }
  },
  "dependencies": {
    "calendar": {
      "version": "git+ssh://git@github.com/rleddy/calendar.js.git#fab65330d73f0e65d9f95c7562f43408d3724793",
      "from": "calendar@https://github.com/rleddy/calendar.js"
    }
  }
}
